
Microsoft Visual Studio Solution File, Format Version 12.00
# Visual Studio Version 17
VisualStudioVersion = 17.12.35514.174
MinimumVisualStudioVersion = 10.0.40219.1
Project("{FAE04EC0-301F-11D3-BF4B-00C04F79EFBC}") = "EngineLib", "EngineLib\EngineLib.csproj", "{15262A5E-7ACF-4996-8927-D0E52F5A010A}"
EndProject
Project("{FAE04EC0-301F-11D3-BF4B-00C04F79EFBC}") = "OpenglLib", "OpenglLib\OpenglLib.csproj", "{D05C15F9-FC6E-4E08-AEEA-5A1C33A12805}"
EndProject
Project("{FAE04EC0-301F-11D3-BF4B-00C04F79EFBC}") = "SmokeTesting", "SmokeTesting\SmokeTesting.csproj", "{380449E0-F874-4B4E-B3B7-8907262325E6}"
EndProject
Project("{FAE04EC0-301F-11D3-BF4B-00C04F79EFBC}") = "CommonLib", "CommonLib\CommonLib.csproj", "{C69F70FE-2EFE-4C19-9233-23ED25984CC6}"
EndProject
Project("{FAE04EC0-301F-11D3-BF4B-00C04F79EFBC}") = "OpenglLib.Generator", "Generator\OpenglLib.Generator.csproj", "{652DE575-9829-4AB5-A209-4976AA6C039E}"
EndProject
Project("{FAE04EC0-301F-11D3-BF4B-00C04F79EFBC}") = "EngineLib.Tests", "EngineLib.Tests\EngineLib.Tests.csproj", "{24937D8B-C4BE-40C3-9AF6-706909CFE050}"
EndProject
Project("{FAE04EC0-301F-11D3-BF4B-00C04F79EFBC}") = "OpenglLib.Tests", "OpenglLib.Tests\OpenglLib.Tests.csproj", "{AE28A47E-4BB9-4C46-850A-E8BC5F00905A}"
EndProject
Project("{FAE04EC0-301F-11D3-BF4B-00C04F79EFBC}") = "Editor", "Editror\Editor.csproj", "{822B7588-4DA6-428C-A572-310CC51217AB}"
EndProject
Project("{FAE04EC0-301F-11D3-BF4B-00C04F79EFBC}") = "ComponentGenerator", "ComponentGenerator\ComponentGenerator.csproj", "{08F386C3-E70A-43FD-809C-616F28AF922D}"
EndProject
Global
	GlobalSection(SolutionConfigurationPlatforms) = preSolution
		Debug|Any CPU = Debug|Any CPU
		Release|Any CPU = Release|Any CPU
	EndGlobalSection
	GlobalSection(ProjectConfigurationPlatforms) = postSolution
		{15262A5E-7ACF-4996-8927-D0E52F5A010A}.Debug|Any CPU.ActiveCfg = Debug|Any CPU
		{15262A5E-7ACF-4996-8927-D0E52F5A010A}.Debug|Any CPU.Build.0 = Debug|Any CPU
		{15262A5E-7ACF-4996-8927-D0E52F5A010A}.Release|Any CPU.ActiveCfg = Release|Any CPU
		{15262A5E-7ACF-4996-8927-D0E52F5A010A}.Release|Any CPU.Build.0 = Release|Any CPU
		{D05C15F9-FC6E-4E08-AEEA-5A1C33A12805}.Debug|Any CPU.ActiveCfg = Debug|Any CPU
		{D05C15F9-FC6E-4E08-AEEA-5A1C33A12805}.Debug|Any CPU.Build.0 = Debug|Any CPU
		{D05C15F9-FC6E-4E08-AEEA-5A1C33A12805}.Release|Any CPU.ActiveCfg = Release|Any CPU
		{D05C15F9-FC6E-4E08-AEEA-5A1C33A12805}.Release|Any CPU.Build.0 = Release|Any CPU
		{380449E0-F874-4B4E-B3B7-8907262325E6}.Debug|Any CPU.ActiveCfg = Debug|Any CPU
		{380449E0-F874-4B4E-B3B7-8907262325E6}.Debug|Any CPU.Build.0 = Debug|Any CPU
		{380449E0-F874-4B4E-B3B7-8907262325E6}.Release|Any CPU.ActiveCfg = Release|Any CPU
		{380449E0-F874-4B4E-B3B7-8907262325E6}.Release|Any CPU.Build.0 = Release|Any CPU
		{C69F70FE-2EFE-4C19-9233-23ED25984CC6}.Debug|Any CPU.ActiveCfg = Debug|Any CPU
		{C69F70FE-2EFE-4C19-9233-23ED25984CC6}.Debug|Any CPU.Build.0 = Debug|Any CPU
		{C69F70FE-2EFE-4C19-9233-23ED25984CC6}.Release|Any CPU.ActiveCfg = Release|Any CPU
		{C69F70FE-2EFE-4C19-9233-23ED25984CC6}.Release|Any CPU.Build.0 = Release|Any CPU
		{652DE575-9829-4AB5-A209-4976AA6C039E}.Debug|Any CPU.ActiveCfg = Debug|Any CPU
		{652DE575-9829-4AB5-A209-4976AA6C039E}.Debug|Any CPU.Build.0 = Debug|Any CPU
		{652DE575-9829-4AB5-A209-4976AA6C039E}.Release|Any CPU.ActiveCfg = Release|Any CPU
		{652DE575-9829-4AB5-A209-4976AA6C039E}.Release|Any CPU.Build.0 = Release|Any CPU
		{24937D8B-C4BE-40C3-9AF6-706909CFE050}.Debug|Any CPU.ActiveCfg = Debug|Any CPU
		{24937D8B-C4BE-40C3-9AF6-706909CFE050}.Debug|Any CPU.Build.0 = Debug|Any CPU
		{24937D8B-C4BE-40C3-9AF6-706909CFE050}.Release|Any CPU.ActiveCfg = Release|Any CPU
		{24937D8B-C4BE-40C3-9AF6-706909CFE050}.Release|Any CPU.Build.0 = Release|Any CPU
		{AE28A47E-4BB9-4C46-850A-E8BC5F00905A}.Debug|Any CPU.ActiveCfg = Debug|Any CPU
		{AE28A47E-4BB9-4C46-850A-E8BC5F00905A}.Debug|Any CPU.Build.0 = Debug|Any CPU
		{AE28A47E-4BB9-4C46-850A-E8BC5F00905A}.Release|Any CPU.ActiveCfg = Release|Any CPU
		{AE28A47E-4BB9-4C46-850A-E8BC5F00905A}.Release|Any CPU.Build.0 = Release|Any CPU
		{822B7588-4DA6-428C-A572-310CC51217AB}.Debug|Any CPU.ActiveCfg = Debug|Any CPU
		{822B7588-4DA6-428C-A572-310CC51217AB}.Debug|Any CPU.Build.0 = Debug|Any CPU
		{822B7588-4DA6-428C-A572-310CC51217AB}.Release|Any CPU.ActiveCfg = Release|Any CPU
		{822B7588-4DA6-428C-A572-310CC51217AB}.Release|Any CPU.Build.0 = Release|Any CPU
		{08F386C3-E70A-43FD-809C-616F28AF922D}.Debug|Any CPU.ActiveCfg = Debug|Any CPU
		{08F386C3-E70A-43FD-809C-616F28AF922D}.Debug|Any CPU.Build.0 = Debug|Any CPU
		{08F386C3-E70A-43FD-809C-616F28AF922D}.Release|Any CPU.ActiveCfg = Release|Any CPU
		{08F386C3-E70A-43FD-809C-616F28AF922D}.Release|Any CPU.Build.0 = Release|Any CPU
	EndGlobalSection
	GlobalSection(SolutionProperties) = preSolution
		HideSolutionNode = FALSE
	EndGlobalSection
EndGlobal
